
Microsoft Visual Studio Solution File, Format Version 12.00
# Visual Studio Version 17
VisualStudioVersion = 17.1.32210.238
MinimumVisualStudioVersion = 10.0.40219.1
Project("{9A19103F-16F7-4668-BE54-9A1E7A4F7556}") = "Food Dash 2", "Food Dash\Food Dash 2.csproj", "{4D6BD1E8-06BA-41B7-B4E0-8AF73509E525}"
EndProject
Global
	GlobalSection(SolutionConfigurationPlatforms) = preSolution
		Debug|Any CPU = Debug|Any CPU
		Release|Any CPU = Release|Any CPU
	EndGlobalSection
	GlobalSection(ProjectConfigurationPlatforms) = postSolution
		{4D6BD1E8-06BA-41B7-B4E0-8AF73509E525}.Debug|Any CPU.ActiveCfg = Debug|Any CPU
		{4D6BD1E8-06BA-41B7-B4E0-8AF73509E525}.Debug|Any CPU.Build.0 = Debug|Any CPU
		{4D6BD1E8-06BA-41B7-B4E0-8AF73509E525}.Release|Any CPU.ActiveCfg = Release|Any CPU
		{4D6BD1E8-06BA-41B7-B4E0-8AF73509E525}.Release|Any CPU.Build.0 = Release|Any CPU
	EndGlobalSection
	GlobalSection(SolutionProperties) = preSolution
		HideSolutionNode = FALSE
	EndGlobalSection
	GlobalSection(ExtensibilityGlobals) = postSolution
		SolutionGuid = {341287F8-7BC3-49F2-91AF-9105FA35896D}
	EndGlobalSection
EndGlobal
